<?xml version="1.0" encoding="UTF-8" standalone="yes" ?>
<CodeBlocks_project_file>
   <FileVersion major="1" minor="6" />
   <Project>
      <Option title="KnowledgeNet" />
      <Option makefile_is_custom="1" />
      <Option compiler="gcc" />
      <Option virtualFolders="CMake Files\;CMake Files\CMake\;CMake Files\CMake\Modules\;" />
      <Build>
      <Target title="all">
         <Option working_dir="/home/jan/Documents/Programming/KnowledgeNet/Run" />
         <Option type="4" />
         <MakeCommands>
            <Build command="/usr/bin/make -f &quot;/home/jan/Documents/Programming/KnowledgeNet/Run/Makefile&quot;  VERBOSE=1 all" />
            <CompileFile command="/usr/bin/make -f &quot;/home/jan/Documents/Programming/KnowledgeNet/Run/Makefile&quot;  VERBOSE=1 &quot;$file&quot;" />
            <Clean command="/usr/bin/make -f &quot;/home/jan/Documents/Programming/KnowledgeNet/Run/Makefile&quot;  VERBOSE=1 clean" />
            <DistClean command="/usr/bin/make -f &quot;/home/jan/Documents/Programming/KnowledgeNet/Run/Makefile&quot;  VERBOSE=1 clean" />
         </MakeCommands>
      </Target>
      <Target title="KnowledgeNet">
         <Option output="/home/jan/Documents/Programming/KnowledgeNet/Run/KnowledgeNet" prefix_auto="0" extension_auto="0" />
         <Option working_dir="/home/jan/Documents/Programming/KnowledgeNet/Run" />
         <Option object_output="./" />
         <Option type="1" />
         <Option compiler="gcc" />
         <Compiler>
            <Add directory="/home/jan/Documents/Programming/KnowledgeNet/Common" />
            <Add directory="/home/jan/Documents/Programming/KnowledgeNet/Scripts" />
            <Add directory="/usr/include" />
            <Add directory="/usr/include/c++/4.8" />
            <Add directory="/usr/include/c++/4.8/backward" />
            <Add directory="/usr/include/x86_64-linux-gnu" />
            <Add directory="/usr/include/x86_64-linux-gnu/c++/4.8" />
            <Add directory="/usr/lib/gcc/x86_64-linux-gnu/4.8/include" />
            <Add directory="/usr/lib/gcc/x86_64-linux-gnu/4.8/include-fixed" />
            <Add directory="/usr/local/include" />
         </Compiler>
         <MakeCommands>
            <Build command="/usr/bin/make -f &quot;/home/jan/Documents/Programming/KnowledgeNet/Run/Makefile&quot;  VERBOSE=1 KnowledgeNet" />
            <CompileFile command="/usr/bin/make -f &quot;/home/jan/Documents/Programming/KnowledgeNet/Run/Makefile&quot;  VERBOSE=1 &quot;$file&quot;" />
            <Clean command="/usr/bin/make -f &quot;/home/jan/Documents/Programming/KnowledgeNet/Run/Makefile&quot;  VERBOSE=1 clean" />
            <DistClean command="/usr/bin/make -f &quot;/home/jan/Documents/Programming/KnowledgeNet/Run/Makefile&quot;  VERBOSE=1 clean" />
         </MakeCommands>
      </Target>
      <Target title="KnowledgeNet/fast">
         <Option output="/home/jan/Documents/Programming/KnowledgeNet/Run/KnowledgeNet" prefix_auto="0" extension_auto="0" />
         <Option working_dir="/home/jan/Documents/Programming/KnowledgeNet/Run" />
         <Option object_output="./" />
         <Option type="1" />
         <Option compiler="gcc" />
         <Compiler>
            <Add directory="/home/jan/Documents/Programming/KnowledgeNet/Common" />
            <Add directory="/home/jan/Documents/Programming/KnowledgeNet/Scripts" />
            <Add directory="/usr/include" />
            <Add directory="/usr/include/c++/4.8" />
            <Add directory="/usr/include/c++/4.8/backward" />
            <Add directory="/usr/include/x86_64-linux-gnu" />
            <Add directory="/usr/include/x86_64-linux-gnu/c++/4.8" />
            <Add directory="/usr/lib/gcc/x86_64-linux-gnu/4.8/include" />
            <Add directory="/usr/lib/gcc/x86_64-linux-gnu/4.8/include-fixed" />
            <Add directory="/usr/local/include" />
         </Compiler>
         <MakeCommands>
            <Build command="/usr/bin/make -f &quot;/home/jan/Documents/Programming/KnowledgeNet/Run/Makefile&quot;  VERBOSE=1 KnowledgeNet/fast" />
            <CompileFile command="/usr/bin/make -f &quot;/home/jan/Documents/Programming/KnowledgeNet/Run/Makefile&quot;  VERBOSE=1 &quot;$file&quot;" />
            <Clean command="/usr/bin/make -f &quot;/home/jan/Documents/Programming/KnowledgeNet/Run/Makefile&quot;  VERBOSE=1 clean" />
            <DistClean command="/usr/bin/make -f &quot;/home/jan/Documents/Programming/KnowledgeNet/Run/Makefile&quot;  VERBOSE=1 clean" />
         </MakeCommands>
      </Target>
      <Target title="rebuild_cache">
         <Option working_dir="/home/jan/Documents/Programming/KnowledgeNet/Run" />
         <Option type="4" />
         <MakeCommands>
            <Build command="/usr/bin/make -f &quot;/home/jan/Documents/Programming/KnowledgeNet/Run/Makefile&quot;  VERBOSE=1 rebuild_cache" />
            <CompileFile command="/usr/bin/make -f &quot;/home/jan/Documents/Programming/KnowledgeNet/Run/Makefile&quot;  VERBOSE=1 &quot;$file&quot;" />
            <Clean command="/usr/bin/make -f &quot;/home/jan/Documents/Programming/KnowledgeNet/Run/Makefile&quot;  VERBOSE=1 clean" />
            <DistClean command="/usr/bin/make -f &quot;/home/jan/Documents/Programming/KnowledgeNet/Run/Makefile&quot;  VERBOSE=1 clean" />
         </MakeCommands>
      </Target>
      </Build>
      <Unit filename="/home/jan/Documents/Programming/KnowledgeNet/Scripts/Base/Base.cpp">
      </Unit>
      <Unit filename="/home/jan/Documents/Programming/KnowledgeNet/Scripts/Base/Defaults.cpp">
      </Unit>
      <Unit filename="/home/jan/Documents/Programming/KnowledgeNet/Scripts/Draw/Block.cpp">
      </Unit>
      <Unit filename="/home/jan/Documents/Programming/KnowledgeNet/Scripts/Draw/Menu.cpp">
      </Unit>
      <Unit filename="/home/jan/Documents/Programming/KnowledgeNet/Scripts/Draw/PointOfView.cpp">
      </Unit>
      <Unit filename="/home/jan/Documents/Programming/KnowledgeNet/Scripts/Main/Main.cpp">
      </Unit>
      <Unit filename="/home/jan/Documents/Programming/KnowledgeNet/Scripts/Base/Base.h">
      </Unit>
      <Unit filename="/home/jan/Documents/Programming/KnowledgeNet/Scripts/Base/Defaults.h">
      </Unit>
      <Unit filename="/home/jan/Documents/Programming/KnowledgeNet/Scripts/Draw/Block.h">
      </Unit>
      <Unit filename="/home/jan/Documents/Programming/KnowledgeNet/Scripts/Draw/Menu.h">
      </Unit>
      <Unit filename="/home/jan/Documents/Programming/KnowledgeNet/Scripts/Draw/PointOfView.h">
      </Unit>
      <Unit filename="/home/jan/Documents/Programming/KnowledgeNet/CMakeLists.txt">
          <Option virtualFolder="CMake Files\" />
      </Unit>
      <Unit filename="/home/jan/Documents/Programming/KnowledgeNet/CMake/Modules/FindSFML.cmake">
          <Option virtualFolder="CMake Files\CMake\Modules\" />
      </Unit>
   </Project>
</CodeBlocks_project_file>
